{
  "name": "0057",
  "version": "1.0.0",
  "lockfileVersion": 1,
  "requires": true,
  "dependencies": {
    "react-fastclick": {
      "version": "3.0.2",
      "resolved": "http://npm.we.com/react-fastclick/-/react-fastclick-3.0.2.tgz",
      "integrity": "sha1-KZTGAIjNqQsLLL+sS258a8c9ajo="
    }
  }
}
