# THIS IS AN AUTOGENERATED FILE. DO NOT EDIT THIS FILE DIRECTLY.
# yarn lockfile v1


read-metadata@^1.0.0:
  version "1.0.0"
  resolved "https://registry.yarnpkg.com/read-metadata/-/read-metadata-1.0.0.tgz#6df9cbe51184e8ceb7d0668b40ee5191e6f3dac6"
  dependencies:
    yaml-js "0.0.8"

yaml-js@0.0.8:
  version "0.0.8"
  resolved "https://registry.yarnpkg.com/yaml-js/-/yaml-js-0.0.8.tgz#87cfa5a9613f48e26005420d6a8ee0da6fe8daec"
