{
  "name": "0037",
  "version": "1.0.0",
  "lockfileVersion": 1,
  "requires": true,
  "dependencies": {
    "os-homedir": {
      "version": "1.0.2",
      "resolved": "https://registry.npmjs.org/os-homedir/-/os-homedir-1.0.2.tgz",
      "integrity": "sha1-/7xJiDNuDoM94MFox+8VISGqf7M="
    },
    "tildify": {
      "version": "1.2.0",
      "resolved": "https://registry.npmjs.org/tildify/-/tildify-1.2.0.tgz",
      "integrity": "sha1-3OwD9V3Km3qj5bBPIYF+tW5jWIo=",
      "requires": {
        "os-homedir": "^1.0.0"
      }
    }
  }
}
