{
  "name": "0010",
  "version": "1.0.0",
  "lockfileVersion": 1,
  "requires": true,
  "dependencies": {
    "decamelize": {
      "version": "2.0.0",
      "resolved": "https://registry.npmjs.org/decamelize/-/decamelize-2.0.0.tgz",
      "integrity": "sha512-Ikpp5scV3MSYxY39ymh45ZLEecsTdv/Xj2CaQfI8RLMuwi7XvjX9H/fhraiSuU+C5w5NTDu4ZU72xNiZnurBPg==",
      "requires": {
        "xregexp": "4.0.0"
      }
    },
    "xregexp": {
      "version": "4.0.0",
      "resolved": "https://registry.npmjs.org/xregexp/-/xregexp-4.0.0.tgz",
      "integrity": "sha512-PHyM+sQouu7xspQQwELlGwwd05mXUFqwFYfqPO0cC7x4fxyHnnuetmQr6CjJiafIDoH4MogHb9dOoJzR/Y4rFg=="
    }
  }
}
