{
  "name": "0020",
  "version": "1.0.0",
  "lockfileVersion": 1,
  "requires": true,
  "dependencies": {
    "throttle-debounce": {
      "version": "2.0.1",
      "resolved": "https://registry.npmjs.org/throttle-debounce/-/throttle-debounce-2.0.1.tgz",
      "integrity": "sha512-Sr6jZBlWShsAaSXKyNXyNicOrJW/KtkDqIEwHt4wYwWA2wa/q67Luhqoujg48V8hTk60wB56tYrJJn6jc2R7VA=="
    }
  }
}
