{
  "name": "0007",
  "version": "1.0.0",
  "lockfileVersion": 1,
  "requires": true,
  "dependencies": {
    "array-range": {
      "version": "1.0.1",
      "resolved": "https://registry.npmjs.org/array-range/-/array-range-1.0.1.tgz",
      "integrity": "sha1-9W5GWRhDYRxqVvd+8C7afFAIm/w="
    }
  }
}
