{
  "name": "0018",
  "version": "1.0.0",
  "lockfileVersion": 1,
  "requires": true,
  "dependencies": {
    "fecha": {
      "version": "3.0.0",
      "resolved": "https://registry.npmjs.org/fecha/-/fecha-3.0.0.tgz",
      "integrity": "sha512-i3nnb97wQrzRd0686cJ4tT5GJT15lfkvNW+GfUbGdMCeKpm0fHfXLI0PR0nHkLG3IamxdLEWK8U1eN8y1hgTog=="
    }
  }
}
